
Microsoft Visual Studio Solution File, Format Version 12.00
# Visual Studio Version 17
VisualStudioVersion = 17.13.35919.96
MinimumVisualStudioVersion = 10.0.40219.1
Project("{FAE04EC0-301F-11D3-BF4B-00C04F79EFBC}") = "Registro_Jugadores_TicTac1", "Registro_Jugadores_TicTac1.csproj", "{2AB995F7-74C3-4CAE-8084-EDC530FF7802}"
EndProject
Project("{D954291E-2A0B-460D-934E-DC6B0785DB48}") = "RegistroJugadoresTicTacToe", "..\RegistroJugadoresTicTacToe\RegistroJugadoresTicTacToe.shproj", "{E6E2F546-8B65-43A0-9D0E-D77AC17A3290}"
EndProject
Project("{FAE04EC0-301F-11D3-BF4B-00C04F79EFBC}") = "RegistroDeJugadoresTicTacToe", "..\RegistroDeJugadoresTicTacToe\RegistroDeJugadoresTicTacToe.csproj", "{A313EEFE-C4B3-D45D-851C-CD452D876B58}"
EndProject
Global
	GlobalSection(SolutionConfigurationPlatforms) = preSolution
		Debug|Any CPU = Debug|Any CPU
		Release|Any CPU = Release|Any CPU
	EndGlobalSection
	GlobalSection(ProjectConfigurationPlatforms) = postSolution
		{2AB995F7-74C3-4CAE-8084-EDC530FF7802}.Debug|Any CPU.ActiveCfg = Debug|Any CPU
		{2AB995F7-74C3-4CAE-8084-EDC530FF7802}.Debug|Any CPU.Build.0 = Debug|Any CPU
		{2AB995F7-74C3-4CAE-8084-EDC530FF7802}.Release|Any CPU.ActiveCfg = Release|Any CPU
		{2AB995F7-74C3-4CAE-8084-EDC530FF7802}.Release|Any CPU.Build.0 = Release|Any CPU
		{A313EEFE-C4B3-D45D-851C-CD452D876B58}.Debug|Any CPU.ActiveCfg = Debug|Any CPU
		{A313EEFE-C4B3-D45D-851C-CD452D876B58}.Debug|Any CPU.Build.0 = Debug|Any CPU
		{A313EEFE-C4B3-D45D-851C-CD452D876B58}.Release|Any CPU.ActiveCfg = Release|Any CPU
		{A313EEFE-C4B3-D45D-851C-CD452D876B58}.Release|Any CPU.Build.0 = Release|Any CPU
	EndGlobalSection
	GlobalSection(SolutionProperties) = preSolution
		HideSolutionNode = FALSE
	EndGlobalSection
	GlobalSection(ExtensibilityGlobals) = postSolution
		SolutionGuid = {93E8F566-8D15-4204-9176-288FBA80C655}
	EndGlobalSection
	GlobalSection(SharedMSBuildProjectFiles) = preSolution
		..\RegistroJugadoresTicTacToe\RegistroJugadoresTicTacToe.projitems*{a313eefe-c4b3-d45d-851c-cd452d876b58}*SharedItemsImports = 5
		..\RegistroJugadoresTicTacToe\RegistroJugadoresTicTacToe.projitems*{e6e2f546-8b65-43a0-9d0e-d77ac17a3290}*SharedItemsImports = 13
	EndGlobalSection
EndGlobal
