
Microsoft Visual Studio Solution File, Format Version 12.00
# Visual Studio Version 17
VisualStudioVersion = 17.13.35919.96
MinimumVisualStudioVersion = 10.0.40219.1
Project("{FAE04EC0-301F-11D3-BF4B-00C04F79EFBC}") = "Registro_Jugadores_TicTac1", "Registro_Jugadores_TicTac1\Registro_Jugadores_TicTac1.csproj", "{F022A5BF-F587-8DCD-6114-88B34CFC78D8}"
EndProject
Project("{FAE04EC0-301F-11D3-BF4B-00C04F79EFBC}") = "RegistroDeJugadoresTicTacToe", "RegistroDeJugadoresTicTacToe\RegistroDeJugadoresTicTacToe.csproj", "{116C0D99-15B3-8215-7422-709F8351F6D4}"
EndProject
Project("{D954291E-2A0B-460D-934E-DC6B0785DB48}") = "RegistroJugadoresTicTacToe", "RegistroJugadoresTicTacToe\RegistroJugadoresTicTacToe.shproj", "{E6E2F546-8B65-43A0-9D0E-D77AC17A3290}"
EndProject
Global
	GlobalSection(SolutionConfigurationPlatforms) = preSolution
		Debug|Any CPU = Debug|Any CPU
		Release|Any CPU = Release|Any CPU
	EndGlobalSection
	GlobalSection(ProjectConfigurationPlatforms) = postSolution
		{F022A5BF-F587-8DCD-6114-88B34CFC78D8}.Debug|Any CPU.ActiveCfg = Debug|Any CPU
		{F022A5BF-F587-8DCD-6114-88B34CFC78D8}.Debug|Any CPU.Build.0 = Debug|Any CPU
		{F022A5BF-F587-8DCD-6114-88B34CFC78D8}.Release|Any CPU.ActiveCfg = Release|Any CPU
		{F022A5BF-F587-8DCD-6114-88B34CFC78D8}.Release|Any CPU.Build.0 = Release|Any CPU
		{116C0D99-15B3-8215-7422-709F8351F6D4}.Debug|Any CPU.ActiveCfg = Debug|Any CPU
		{116C0D99-15B3-8215-7422-709F8351F6D4}.Debug|Any CPU.Build.0 = Debug|Any CPU
		{116C0D99-15B3-8215-7422-709F8351F6D4}.Release|Any CPU.ActiveCfg = Release|Any CPU
		{116C0D99-15B3-8215-7422-709F8351F6D4}.Release|Any CPU.Build.0 = Release|Any CPU
	EndGlobalSection
	GlobalSection(SolutionProperties) = preSolution
		HideSolutionNode = FALSE
	EndGlobalSection
	GlobalSection(ExtensibilityGlobals) = postSolution
		SolutionGuid = {93E8F566-8D15-4204-9176-288FBA80C655}
	EndGlobalSection
	GlobalSection(SharedMSBuildProjectFiles) = preSolution
		RegistroJugadoresTicTacToe\RegistroJugadoresTicTacToe.projitems*{116c0d99-15b3-8215-7422-709f8351f6d4}*SharedItemsImports = 5
		RegistroJugadoresTicTacToe\RegistroJugadoresTicTacToe.projitems*{e6e2f546-8b65-43a0-9d0e-d77ac17a3290}*SharedItemsImports = 13
	EndGlobalSection
EndGlobal
